
Microsoft Visual Studio Solution File, Format Version 12.00
# Visual Studio Version 16
VisualStudioVersion = 16.0.32510.428
MinimumVisualStudioVersion = 10.0.40219.1
Project("{FAE04EC0-301F-11D3-BF4B-00C04F79EFBC}") = "RMDataManager", "RMDataManager\RMDataManager.csproj", "{9D96F882-6147-4AE1-BC9E-E8098B553669}"
EndProject
Project("{00D1A9C2-B5F0-4AF3-8072-F6C62B433612}") = "RMData", "RMData\RMData.sqlproj", "{A8101589-3D08-4D87-B351-9A4FA875AF62}"
EndProject
Project("{FAE04EC0-301F-11D3-BF4B-00C04F79EFBC}") = "RMDesktopUI", "RMDesktopUI\RMDesktopUI.csproj", "{E5C24DB1-F00B-4721-9017-F81BA0D60ABD}"
EndProject
Global
	GlobalSection(SolutionConfigurationPlatforms) = preSolution
		Debug|Any CPU = Debug|Any CPU
		Release|Any CPU = Release|Any CPU
	EndGlobalSection
	GlobalSection(ProjectConfigurationPlatforms) = postSolution
		{9D96F882-6147-4AE1-BC9E-E8098B553669}.Debug|Any CPU.ActiveCfg = Debug|Any CPU
		{9D96F882-6147-4AE1-BC9E-E8098B553669}.Debug|Any CPU.Build.0 = Debug|Any CPU
		{9D96F882-6147-4AE1-BC9E-E8098B553669}.Release|Any CPU.ActiveCfg = Release|Any CPU
		{9D96F882-6147-4AE1-BC9E-E8098B553669}.Release|Any CPU.Build.0 = Release|Any CPU
		{A8101589-3D08-4D87-B351-9A4FA875AF62}.Debug|Any CPU.ActiveCfg = Debug|Any CPU
		{A8101589-3D08-4D87-B351-9A4FA875AF62}.Debug|Any CPU.Build.0 = Debug|Any CPU
		{A8101589-3D08-4D87-B351-9A4FA875AF62}.Debug|Any CPU.Deploy.0 = Debug|Any CPU
		{A8101589-3D08-4D87-B351-9A4FA875AF62}.Release|Any CPU.ActiveCfg = Release|Any CPU
		{A8101589-3D08-4D87-B351-9A4FA875AF62}.Release|Any CPU.Build.0 = Release|Any CPU
		{A8101589-3D08-4D87-B351-9A4FA875AF62}.Release|Any CPU.Deploy.0 = Release|Any CPU
		{E5C24DB1-F00B-4721-9017-F81BA0D60ABD}.Debug|Any CPU.ActiveCfg = Debug|Any CPU
		{E5C24DB1-F00B-4721-9017-F81BA0D60ABD}.Debug|Any CPU.Build.0 = Debug|Any CPU
		{E5C24DB1-F00B-4721-9017-F81BA0D60ABD}.Release|Any CPU.ActiveCfg = Release|Any CPU
		{E5C24DB1-F00B-4721-9017-F81BA0D60ABD}.Release|Any CPU.Build.0 = Release|Any CPU
	EndGlobalSection
	GlobalSection(SolutionProperties) = preSolution
		HideSolutionNode = FALSE
	EndGlobalSection
	GlobalSection(ExtensibilityGlobals) = postSolution
		SolutionGuid = {67042336-6694-4963-B260-4BABD4A441C5}
	EndGlobalSection
EndGlobal
